
Microsoft Visual Studio Solution File, Format Version 12.00
# Visual Studio 15
VisualStudioVersion = 15.0.28307.902
MinimumVisualStudioVersion = 10.0.40219.1
Project("{FAE04EC0-301F-11D3-BF4B-00C04F79EFBC}") = "AspNetMvc_1", "AspNetMvc_1\AspNetMvc_1.csproj", "{8B4DB134-7EFB-4013-9D77-FA893265C10C}"
EndProject
Global
	GlobalSection(SolutionConfigurationPlatforms) = preSolution
		Debug|Any CPU = Debug|Any CPU
		Release|Any CPU = Release|Any CPU
	EndGlobalSection
	GlobalSection(ProjectConfigurationPlatforms) = postSolution
		{8B4DB134-7EFB-4013-9D77-FA893265C10C}.Debug|Any CPU.ActiveCfg = Debug|Any CPU
		{8B4DB134-7EFB-4013-9D77-FA893265C10C}.Debug|Any CPU.Build.0 = Debug|Any CPU
		{8B4DB134-7EFB-4013-9D77-FA893265C10C}.Release|Any CPU.ActiveCfg = Release|Any CPU
		{8B4DB134-7EFB-4013-9D77-FA893265C10C}.Release|Any CPU.Build.0 = Release|Any CPU
	EndGlobalSection
	GlobalSection(SolutionProperties) = preSolution
		HideSolutionNode = FALSE
	EndGlobalSection
	GlobalSection(ExtensibilityGlobals) = postSolution
		SolutionGuid = {DEE9514E-D70B-45E9-98DE-C9FF546BD721}
	EndGlobalSection
EndGlobal
